
Microsoft Visual Studio Solution File, Format Version 12.00
# Visual Studio Version 16
VisualStudioVersion = 16.0.31911.196
MinimumVisualStudioVersion = 10.0.40219.1
Project("{FAE04EC0-301F-11D3-BF4B-00C04F79EFBC}") = "Lib.CLI", "Lib.CLI\Lib.CLI.csproj", "{82E899F0-82CC-4185-B1C1-F3144B8DEE5B}"
EndProject
Project("{FAE04EC0-301F-11D3-BF4B-00C04F79EFBC}") = "Lib.DL", "Lib.DL\Lib.DL.csproj", "{A49DDECA-49D4-4235-9395-BFD9B97B0CD6}"
EndProject
Project("{FAE04EC0-301F-11D3-BF4B-00C04F79EFBC}") = "Lib.BL", "Lib.BL\Lib.BL.csproj", "{2AC712D5-73FE-42EB-9C78-E2ADE996F498}"
EndProject
Global
	GlobalSection(SolutionConfigurationPlatforms) = preSolution
		Debug|Any CPU = Debug|Any CPU
		Release|Any CPU = Release|Any CPU
	EndGlobalSection
	GlobalSection(ProjectConfigurationPlatforms) = postSolution
		{82E899F0-82CC-4185-B1C1-F3144B8DEE5B}.Debug|Any CPU.ActiveCfg = Debug|Any CPU
		{82E899F0-82CC-4185-B1C1-F3144B8DEE5B}.Debug|Any CPU.Build.0 = Debug|Any CPU
		{82E899F0-82CC-4185-B1C1-F3144B8DEE5B}.Release|Any CPU.ActiveCfg = Release|Any CPU
		{82E899F0-82CC-4185-B1C1-F3144B8DEE5B}.Release|Any CPU.Build.0 = Release|Any CPU
		{A49DDECA-49D4-4235-9395-BFD9B97B0CD6}.Debug|Any CPU.ActiveCfg = Debug|Any CPU
		{A49DDECA-49D4-4235-9395-BFD9B97B0CD6}.Debug|Any CPU.Build.0 = Debug|Any CPU
		{A49DDECA-49D4-4235-9395-BFD9B97B0CD6}.Release|Any CPU.ActiveCfg = Release|Any CPU
		{A49DDECA-49D4-4235-9395-BFD9B97B0CD6}.Release|Any CPU.Build.0 = Release|Any CPU
		{2AC712D5-73FE-42EB-9C78-E2ADE996F498}.Debug|Any CPU.ActiveCfg = Debug|Any CPU
		{2AC712D5-73FE-42EB-9C78-E2ADE996F498}.Debug|Any CPU.Build.0 = Debug|Any CPU
		{2AC712D5-73FE-42EB-9C78-E2ADE996F498}.Release|Any CPU.ActiveCfg = Release|Any CPU
		{2AC712D5-73FE-42EB-9C78-E2ADE996F498}.Release|Any CPU.Build.0 = Release|Any CPU
	EndGlobalSection
	GlobalSection(SolutionProperties) = preSolution
		HideSolutionNode = FALSE
	EndGlobalSection
	GlobalSection(ExtensibilityGlobals) = postSolution
		SolutionGuid = {6A36C036-F3A7-41A1-B6B9-C785FC7E7ABD}
	EndGlobalSection
EndGlobal
